
Microsoft Visual Studio Solution File, Format Version 12.00
# Visual Studio Version 17
VisualStudioVersion = 17.14.36603.0 d17.14
MinimumVisualStudioVersion = 10.0.40219.1
Project("{8BC9CEB8-8B4A-11D0-8D11-00A0C91BC942}") = "Project8", "Project8\Project8.vcxproj", "{05EB1208-FBCE-4715-B462-E6AE0981C236}"
EndProject
Global
	GlobalSection(SolutionConfigurationPlatforms) = preSolution
		Debug|x64 = Debug|x64
		Debug|x86 = Debug|x86
		Release|x64 = Release|x64
		Release|x86 = Release|x86
	EndGlobalSection
	GlobalSection(ProjectConfigurationPlatforms) = postSolution
		{05EB1208-FBCE-4715-B462-E6AE0981C236}.Debug|x64.ActiveCfg = Debug|x64
		{05EB1208-FBCE-4715-B462-E6AE0981C236}.Debug|x64.Build.0 = Debug|x64
		{05EB1208-FBCE-4715-B462-E6AE0981C236}.Debug|x86.ActiveCfg = Debug|Win32
		{05EB1208-FBCE-4715-B462-E6AE0981C236}.Debug|x86.Build.0 = Debug|Win32
		{05EB1208-FBCE-4715-B462-E6AE0981C236}.Release|x64.ActiveCfg = Release|x64
		{05EB1208-FBCE-4715-B462-E6AE0981C236}.Release|x64.Build.0 = Release|x64
		{05EB1208-FBCE-4715-B462-E6AE0981C236}.Release|x86.ActiveCfg = Release|Win32
		{05EB1208-FBCE-4715-B462-E6AE0981C236}.Release|x86.Build.0 = Release|Win32
	EndGlobalSection
	GlobalSection(SolutionProperties) = preSolution
		HideSolutionNode = FALSE
	EndGlobalSection
	GlobalSection(ExtensibilityGlobals) = postSolution
		SolutionGuid = {E7D2F786-D59C-4D43-9D27-F32622DD11C8}
	EndGlobalSection
EndGlobal
